
Microsoft Visual Studio Solution File, Format Version 12.00
# Visual Studio Version 16
VisualStudioVersion = 16.0.34301.259
MinimumVisualStudioVersion = 10.0.40219.1
Project("{FAE04EC0-301F-11D3-BF4B-00C04F79EFBC}") = "Homework", "Homework\Homework.csproj", "{7BC7CC15-6622-434B-99DC-3EA5852046F9}"
EndProject
Global
	GlobalSection(SolutionConfigurationPlatforms) = preSolution
		Debug|Any CPU = Debug|Any CPU
		Release|Any CPU = Release|Any CPU
	EndGlobalSection
	GlobalSection(ProjectConfigurationPlatforms) = postSolution
		{7BC7CC15-6622-434B-99DC-3EA5852046F9}.Debug|Any CPU.ActiveCfg = Debug|Any CPU
		{7BC7CC15-6622-434B-99DC-3EA5852046F9}.Debug|Any CPU.Build.0 = Debug|Any CPU
		{7BC7CC15-6622-434B-99DC-3EA5852046F9}.Release|Any CPU.ActiveCfg = Release|Any CPU
		{7BC7CC15-6622-434B-99DC-3EA5852046F9}.Release|Any CPU.Build.0 = Release|Any CPU
	EndGlobalSection
	GlobalSection(SolutionProperties) = preSolution
		HideSolutionNode = FALSE
	EndGlobalSection
	GlobalSection(ExtensibilityGlobals) = postSolution
		SolutionGuid = {7294C509-E356-4873-A000-DFB6ABBDDAFD}
	EndGlobalSection
EndGlobal
